
Microsoft Visual Studio Solution File, Format Version 12.00
# Visual Studio Version 17
VisualStudioVersion = 17.9.34622.214
MinimumVisualStudioVersion = 10.0.40219.1
Project("{FAE04EC0-301F-11D3-BF4B-00C04F79EFBC}") = "EmployeeManagementSystem", "EmployeeManagementSystem.csproj", "{D1B0991E-4181-465A-AED9-1E98FF39B337}"
EndProject
Global
	GlobalSection(SolutionConfigurationPlatforms) = preSolution
		Debug|Any CPU = Debug|Any CPU
		Release|Any CPU = Release|Any CPU
	EndGlobalSection
	GlobalSection(ProjectConfigurationPlatforms) = postSolution
		{D1B0991E-4181-465A-AED9-1E98FF39B337}.Debug|Any CPU.ActiveCfg = Debug|Any CPU
		{D1B0991E-4181-465A-AED9-1E98FF39B337}.Debug|Any CPU.Build.0 = Debug|Any CPU
		{D1B0991E-4181-465A-AED9-1E98FF39B337}.Debug|Any CPU.Deploy.0 = Debug|Any CPU
		{D1B0991E-4181-465A-AED9-1E98FF39B337}.Release|Any CPU.ActiveCfg = Release|Any CPU
		{D1B0991E-4181-465A-AED9-1E98FF39B337}.Release|Any CPU.Build.0 = Release|Any CPU
		{D1B0991E-4181-465A-AED9-1E98FF39B337}.Release|Any CPU.Deploy.0 = Release|Any CPU
	EndGlobalSection
	GlobalSection(SolutionProperties) = preSolution
		HideSolutionNode = FALSE
	EndGlobalSection
	GlobalSection(ExtensibilityGlobals) = postSolution
		SolutionGuid = {8E8A539C-1B5E-4DD9-BD2E-A3F89080D5C8}
	EndGlobalSection
EndGlobal
